version = 1
revision = 3
requires-python = ">=3.12"

[[package]]
name = "air-dv"
version = "0.1.0"
source = { editable = "." }
dependencies = [
    { name = "openpyxl" },
    { name = "pypdf" },
]

[package.metadata]
requires-dist = [
    { name = "openpyxl", specifier = ">=3.1,<4" },
    { name = "pypdf", specifier = ">=5,<7" },
]

[[package]]
name = "et-xmlfile"
version = "2.0.0"
source = { registry = "https://pypi.org/simple" }
sdist = { url = "https://files.pythonhosted.org/packages/d3/38/af70d7ab1ae9d4da450eeec1fa3918940a5fafb9055e934af8d6eb0c2313/et_xmlfile-2.0.0.tar.gz", hash = "sha256:dab3f4764309081ce75662649be815c4c9081e88f0837825f90fd28317d4da54", size = 17234, upload-time = "2024-10-25T17:25:40.039Z" }
wheels = [
    { url = "https://files.pythonhosted.org/packages/c1/8b/5fe2cc11fee489817272089c4203e679c63b570a5aaeb18d852ae3cbba6a/et_xmlfile-2.0.0-py3-none-any.whl", hash = "sha256:7a91720bc756843502c3b7504c77b8fe44217c85c537d85037f0f536151b2caa", size = 18059, upload-time = "2024-10-25T17:25:39.051Z" },
]

[[package]]
name = "openpyxl"
version = "3.1.5"
source = { registry = "https://pypi.org/simple" }
dependencies = [
    { name = "et-xmlfile" },
]
sdist = { url = "https://files.pythonhosted.org/packages/3d/f9/88d94a75de065ea32619465d2f77b29a0469500e99012523b91cc4141cd1/openpyxl-3.1.5.tar.gz", hash = "sha256:cf0e3cf56142039133628b5acffe8ef0c12bc902d2aadd3e0fe5878dc08d1050", size = 186464, upload-time = "2024-06-28T14:03:44.161Z" }
wheels = [
    { url = "https://files.pythonhosted.org/packages/c0/da/977ded879c29cbd04de313843e76868e6e13408a94ed6b987245dc7c8506/openpyxl-3.1.5-py2.py3-none-any.whl", hash = "sha256:5282c12b107bffeef825f4617dc029afaf41d0ea60823bbb665ef3079dc79de2", size = 250910, upload-time = "2024-06-28T14:03:41.161Z" },
]

[[package]]
name = "pypdf"
version = "6.17.0"
source = { registry = "https://pypi.org/simple" }
sdist = { url = "https://files.pythonhosted.org/packages/5d/dc/34857a5e31cf708c163929f61a9ba4bd357a8850e49fc4e846ced527b51f/pypdf-6.17.0.tar.gz", hash = "sha256:097ad0d829778ec5b615aeaa5c6da4b6cac4992f8fd80b56f98a1a8c006573bb", size = 7018352, upload-time = "2026-09-04T11:30:44.256Z" }
wheels = [
    { url = "https://files.pythonhosted.org/packages/c1/08/1e9731038124a9127e1d27848952b86fb32b2f45f8f1b94adc7f0817a6ac/pypdf-6.17.0-py3-none-any.whl", hash = "sha256:5bd827266a21553b74d910e350131a6227b72f2ab4209bf372814b8195fa11c5", size = 388051, upload-time = "2026-09-04T11:30:42.681Z" },
]
